
Microsoft Visual Studio Solution File, Format Version 12.00
# Visual Studio Version 17
VisualStudioVersion = 17.4.33213.308
MinimumVisualStudioVersion = 10.0.40219.1
Project("{FAE04EC0-301F-11D3-BF4B-00C04F79EFBC}") = "Tarea2_Ejercicio2", "Tarea2_Ejercicio2\Tarea2_Ejercicio2.csproj", "{E7913D4F-338A-4B1A-846D-252CE9619FAF}"
EndProject
Global
	GlobalSection(SolutionConfigurationPlatforms) = preSolution
		Debug|Any CPU = Debug|Any CPU
		Release|Any CPU = Release|Any CPU
	EndGlobalSection
	GlobalSection(ProjectConfigurationPlatforms) = postSolution
		{E7913D4F-338A-4B1A-846D-252CE9619FAF}.Debug|Any CPU.ActiveCfg = Debug|Any CPU
		{E7913D4F-338A-4B1A-846D-252CE9619FAF}.Debug|Any CPU.Build.0 = Debug|Any CPU
		{E7913D4F-338A-4B1A-846D-252CE9619FAF}.Release|Any CPU.ActiveCfg = Release|Any CPU
		{E7913D4F-338A-4B1A-846D-252CE9619FAF}.Release|Any CPU.Build.0 = Release|Any CPU
	EndGlobalSection
	GlobalSection(SolutionProperties) = preSolution
		HideSolutionNode = FALSE
	EndGlobalSection
	GlobalSection(ExtensibilityGlobals) = postSolution
		SolutionGuid = {336CA0FD-1725-482A-9CF7-AFA80397EC40}
	EndGlobalSection
EndGlobal
